
Microsoft Visual Studio Solution File, Format Version 12.00
# Visual Studio Version 16
VisualStudioVersion = 16.0.31025.194
MinimumVisualStudioVersion = 10.0.40219.1
Project("{FAE04EC0-301F-11D3-BF4B-00C04F79EFBC}") = "TesteMazzaFC.Api", "TesteMazzaFC.Api\TesteMazzaFC.Api.csproj", "{0BE8E4BB-0711-46F4-AF1E-EF07ECEAAB75}"
EndProject
Global
	GlobalSection(SolutionConfigurationPlatforms) = preSolution
		Debug|Any CPU = Debug|Any CPU
		Release|Any CPU = Release|Any CPU
	EndGlobalSection
	GlobalSection(ProjectConfigurationPlatforms) = postSolution
		{0BE8E4BB-0711-46F4-AF1E-EF07ECEAAB75}.Debug|Any CPU.ActiveCfg = Debug|Any CPU
		{0BE8E4BB-0711-46F4-AF1E-EF07ECEAAB75}.Debug|Any CPU.Build.0 = Debug|Any CPU
		{0BE8E4BB-0711-46F4-AF1E-EF07ECEAAB75}.Release|Any CPU.ActiveCfg = Release|Any CPU
		{0BE8E4BB-0711-46F4-AF1E-EF07ECEAAB75}.Release|Any CPU.Build.0 = Release|Any CPU
	EndGlobalSection
	GlobalSection(SolutionProperties) = preSolution
		HideSolutionNode = FALSE
	EndGlobalSection
	GlobalSection(ExtensibilityGlobals) = postSolution
		SolutionGuid = {C549D702-A9C5-471C-8A21-6D80BE9C4F69}
	EndGlobalSection
EndGlobal
